// !$*UTF8*$!
{
	archiveVersion = 1;
	classes = {
	};
	objectVersion = 56;
	objects = {

/* Begin PBXBuildFile section */
		BF490C8E2C15D11D004490B4 /* FavoriteTableViewCell.swift in Sources */ = {isa = PBXBuildFile; fileRef = BF490C8D2C15D11D004490B4 /* FavoriteTableViewCell.swift */; };
		BF490C902C15D605004490B4 /* FavoriteTableViewController.swift in Sources */ = {isa = PBXBuildFile; fileRef = BF490C8F2C15D605004490B4 /* FavoriteTableViewController.swift */; };
		BF490C922C15D691004490B4 /* TabViewController.swift in Sources */ = {isa = PBXBuildFile; fileRef = BF490C912C15D691004490B4 /* TabViewController.swift */; };
		BF6CE4952C175E6100E70177 /* Localizable.strings in Resources */ = {isa = PBXBuildFile; fileRef = BF6CE4932C175E6100E70177 /* Localizable.strings */; };
		BF96CA5A2C1A31CD003D4BB3 /* PersonalInfoViewController.swift in Sources */ = {isa = PBXBuildFile; fileRef = BF96CA592C1A31CD003D4BB3 /* PersonalInfoViewController.swift */; };
		BF96CA5C2C1A3A10003D4BB3 /* PasswordChangeViewController.swift in Sources */ = {isa = PBXBuildFile; fileRef = BF96CA5B2C1A3A10003D4BB3 /* PasswordChangeViewController.swift */; };
		BFBDD0F32C175D1800A87E2C /* ProfileViewController.swift in Sources */ = {isa = PBXBuildFile; fileRef = BFBDD0F22C175D1800A87E2C /* ProfileViewController.swift */; };
		BFBDD0F52C175D2900A87E2C /* LanguageViewController.swift in Sources */ = {isa = PBXBuildFile; fileRef = BFBDD0F42C175D2900A87E2C /* LanguageViewController.swift */; };
		BFD5E4082C150D9A00FCE8B0 /* AppDelegate.swift in Sources */ = {isa = PBXBuildFile; fileRef = BFD5E4072C150D9A00FCE8B0 /* AppDelegate.swift */; };
		BFD5E40A2C150D9A00FCE8B0 /* SceneDelegate.swift in Sources */ = {isa = PBXBuildFile; fileRef = BFD5E4092C150D9A00FCE8B0 /* SceneDelegate.swift */; };
		BFD5E40C2C150D9A00FCE8B0 /* ViewController.swift in Sources */ = {isa = PBXBuildFile; fileRef = BFD5E40B2C150D9A00FCE8B0 /* ViewController.swift */; };
		BFD5E40F2C150D9A00FCE8B0 /* Base in Resources */ = {isa = PBXBuildFile; fileRef = BFD5E40E2C150D9A00FCE8B0 /* Base */; };
		BFD5E4112C150D9D00FCE8B0 /* Assets.xcassets in Resources */ = {isa = PBXBuildFile; fileRef = BFD5E4102C150D9D00FCE8B0 /* Assets.xcassets */; };
		BFD5E4142C150D9D00FCE8B0 /* Base in Resources */ = {isa = PBXBuildFile; fileRef = BFD5E4132C150D9D00FCE8B0 /* Base */; };
		BFD5E41D2C151C5D00FCE8B0 /* Localize_Swift in Frameworks */ = {isa = PBXBuildFile; productRef = BFD5E41C2C151C5D00FCE8B0 /* Localize_Swift */; };
/* End PBXBuildFile section */

/* Begin PBXFileReference section */
		BF490C8D2C15D11D004490B4 /* FavoriteTableViewCell.swift */ = {isa = PBXFileReference; lastKnownFileType = sourcecode.swift; path = FavoriteTableViewCell.swift; sourceTree = "<group>"; };
		BF490C8F2C15D605004490B4 /* FavoriteTableViewController.swift */ = {isa = PBXFileReference; lastKnownFileType = sourcecode.swift; path = FavoriteTableViewController.swift; sourceTree = "<group>"; };
		BF490C912C15D691004490B4 /* TabViewController.swift */ = {isa = PBXFileReference; lastKnownFileType = sourcecode.swift; path = TabViewController.swift; sourceTree = "<group>"; };
		BF6CE4942C175E6100E70177 /* en */ = {isa = PBXFileReference; lastKnownFileType = text.plist.strings; name = en; path = en.lproj/Localizable.strings; sourceTree = "<group>"; };
		BF6CE4962C175E7900E70177 /* ru */ = {isa = PBXFileReference; lastKnownFileType = text.plist.strings; name = ru; path = ru.lproj/Localizable.strings; sourceTree = "<group>"; };
		BF6CE4972C175E9E00E70177 /* kk */ = {isa = PBXFileReference; lastKnownFileType = text.plist.strings; name = kk; path = kk.lproj/Localizable.strings; sourceTree = "<group>"; };
		BF96CA592C1A31CD003D4BB3 /* PersonalInfoViewController.swift */ = {isa = PBXFileReference; lastKnownFileType = sourcecode.swift; path = PersonalInfoViewController.swift; sourceTree = "<group>"; };
		BF96CA5B2C1A3A10003D4BB3 /* PasswordChangeViewController.swift */ = {isa = PBXFileReference; lastKnownFileType = sourcecode.swift; path = PasswordChangeViewController.swift; sourceTree = "<group>"; };
		BFBDD0F22C175D1800A87E2C /* ProfileViewController.swift */ = {isa = PBXFileReference; lastKnownFileType = sourcecode.swift; path = ProfileViewController.swift; sourceTree = "<group>"; };
		BFBDD0F42C175D2900A87E2C /* LanguageViewController.swift */ = {isa = PBXFileReference; lastKnownFileType = sourcecode.swift; path = LanguageViewController.swift; sourceTree = "<group>"; };
		BFD5E4042C150D9A00FCE8B0 /* Ozinshe.app */ = {isa = PBXFileReference; explicitFileType = wrapper.application; includeInIndex = 0; path = Ozinshe.app; sourceTree = BUILT_PRODUCTS_DIR; };
		BFD5E4072C150D9A00FCE8B0 /* AppDelegate.swift */ = {isa = PBXFileReference; lastKnownFileType = sourcecode.swift; path = AppDelegate.swift; sourceTree = "<group>"; };
		BFD5E4092C150D9A00FCE8B0 /* SceneDelegate.swift */ = {isa = PBXFileReference; lastKnownFileType = sourcecode.swift; path = SceneDelegate.swift; sourceTree = "<group>"; };
		BFD5E40B2C150D9A00FCE8B0 /* ViewController.swift */ = {isa = PBXFileReference; lastKnownFileType = sourcecode.swift; path = ViewController.swift; sourceTree = "<group>"; };
		BFD5E40E2C150D9A00FCE8B0 /* Base */ = {isa = PBXFileReference; lastKnownFileType = file.storyboard; name = Base; path = Base.lproj/Main.storyboard; sourceTree = "<group>"; };
		BFD5E4102C150D9D00FCE8B0 /* Assets.xcassets */ = {isa = PBXFileReference; lastKnownFileType = folder.assetcatalog; path = Assets.xcassets; sourceTree = "<group>"; };
		BFD5E4132C150D9D00FCE8B0 /* Base */ = {isa = PBXFileReference; lastKnownFileType = file.storyboard; name = Base; path = Base.lproj/LaunchScreen.storyboard; sourceTree = "<group>"; };
		BFD5E4152C150D9D00FCE8B0 /* Info.plist */ = {isa = PBXFileReference; lastKnownFileType = text.plist.xml; path = Info.plist; sourceTree = "<group>"; };
/* End PBXFileReference section */

/* Begin PBXFrameworksBuildPhase section */
		BFD5E4012C150D9A00FCE8B0 /* Frameworks */ = {
			isa = PBXFrameworksBuildPhase;
			buildActionMask = 2147483647;
			files = (
				BFD5E41D2C151C5D00FCE8B0 /* Localize_Swift in Frameworks */,
			);
			runOnlyForDeploymentPostprocessing = 0;
		};
/* End PBXFrameworksBuildPhase section */

/* Begin PBXGroup section */
		BFD5E3FB2C150D9A00FCE8B0 = {
			isa = PBXGroup;
			children = (
				BFD5E4062C150D9A00FCE8B0 /* Ozinshe */,
				BFD5E4052C150D9A00FCE8B0 /* Products */,
			);
			sourceTree = "<group>";
		};
		BFD5E4052C150D9A00FCE8B0 /* Products */ = {
			isa = PBXGroup;
			children = (
				BFD5E4042C150D9A00FCE8B0 /* Ozinshe.app */,
			);
			name = Products;
			sourceTree = "<group>";
		};
		BFD5E4062C150D9A00FCE8B0 /* Ozinshe */ = {
			isa = PBXGroup;
			children = (
				BFD5E4072C150D9A00FCE8B0 /* AppDelegate.swift */,
				BFD5E4092C150D9A00FCE8B0 /* SceneDelegate.swift */,
				BFD5E40B2C150D9A00FCE8B0 /* ViewController.swift */,
				BFD5E40D2C150D9A00FCE8B0 /* Main.storyboard */,
				BFD5E4102C150D9D00FCE8B0 /* Assets.xcassets */,
				BFD5E4122C150D9D00FCE8B0 /* LaunchScreen.storyboard */,
				BFD5E4152C150D9D00FCE8B0 /* Info.plist */,
				BF490C8D2C15D11D004490B4 /* FavoriteTableViewCell.swift */,
				BF490C8F2C15D605004490B4 /* FavoriteTableViewController.swift */,
				BF490C912C15D691004490B4 /* TabViewController.swift */,
				BFBDD0F22C175D1800A87E2C /* ProfileViewController.swift */,
				BFBDD0F42C175D2900A87E2C /* LanguageViewController.swift */,
				BF6CE4932C175E6100E70177 /* Localizable.strings */,
				BF96CA592C1A31CD003D4BB3 /* PersonalInfoViewController.swift */,
				BF96CA5B2C1A3A10003D4BB3 /* PasswordChangeViewController.swift */,
			);
			path = Ozinshe;
			sourceTree = "<group>";
		};
/* End PBXGroup section */

/* Begin PBXNativeTarget section */
		BFD5E4032C150D9A00FCE8B0 /* Ozinshe */ = {
			isa = PBXNativeTarget;
			buildConfigurationList = BFD5E4182C150D9D00FCE8B0 /* Build configuration list for PBXNativeTarget "Ozinshe" */;
			buildPhases = (
				BFD5E4002C150D9A00FCE8B0 /* Sources */,
				BFD5E4012C150D9A00FCE8B0 /* Frameworks */,
				BFD5E4022C150D9A00FCE8B0 /* Resources */,
			);
			buildRules = (
			);
			dependencies = (
			);
			name = Ozinshe;
			packageProductDependencies = (
				BFD5E41C2C151C5D00FCE8B0 /* Localize_Swift */,
			);
			productName = Ozinshe;
			productReference = BFD5E4042C150D9A00FCE8B0 /* Ozinshe.app */;
			productType = "com.apple.product-type.application";
		};
/* End PBXNativeTarget section */

/* Begin PBXProject section */
		BFD5E3FC2C150D9A00FCE8B0 /* Project object */ = {
			isa = PBXProject;
			attributes = {
				BuildIndependentTargetsInParallel = 1;
				LastSwiftUpdateCheck = 1540;
				LastUpgradeCheck = 1540;
				TargetAttributes = {
					BFD5E4032C150D9A00FCE8B0 = {
						CreatedOnToolsVersion = 15.4;
					};
				};
			};
			buildConfigurationList = BFD5E3FF2C150D9A00FCE8B0 /* Build configuration list for PBXProject "Ozinshe" */;
			compatibilityVersion = "Xcode 14.0";
			developmentRegion = en;
			hasScannedForEncodings = 0;
			knownRegions = (
				en,
				Base,
				ru,
				kk,
			);
			mainGroup = BFD5E3FB2C150D9A00FCE8B0;
			packageReferences = (
				BFD5E41B2C151C5D00FCE8B0 /* XCRemoteSwiftPackageReference "Localize-Swift" */,
			);
			productRefGroup = BFD5E4052C150D9A00FCE8B0 /* Products */;
			projectDirPath = "";
			projectRoot = "";
			targets = (
				BFD5E4032C150D9A00FCE8B0 /* Ozinshe */,
			);
		};
/* End PBXProject section */

/* Begin PBXResourcesBuildPhase section */
		BFD5E4022C150D9A00FCE8B0 /* Resources */ = {
			isa = PBXResourcesBuildPhase;
			buildActionMask = 2147483647;
			files = (
				BFD5E4112C150D9D00FCE8B0 /* Assets.xcassets in Resources */,
				BF6CE4952C175E6100E70177 /* Localizable.strings in Resources */,
				BFD5E4142C150D9D00FCE8B0 /* Base in Resources */,
				BFD5E40F2C150D9A00FCE8B0 /* Base in Resources */,
			);
			runOnlyForDeploymentPostprocessing = 0;
		};
/* End PBXResourcesBuildPhase section */

/* Begin PBXSourcesBuildPhase section */
		BFD5E4002C150D9A00FCE8B0 /* Sources */ = {
			isa = PBXSourcesBuildPhase;
			buildActionMask = 2147483647;
			files = (
				BF490C922C15D691004490B4 /* TabViewController.swift in Sources */,
				BF490C902C15D605004490B4 /* FavoriteTableViewController.swift in Sources */,
				BFBDD0F52C175D2900A87E2C /* LanguageViewController.swift in Sources */,
				BFD5E40C2C150D9A00FCE8B0 /* ViewController.swift in Sources */,
				BF490C8E2C15D11D004490B4 /* FavoriteTableViewCell.swift in Sources */,
				BFBDD0F32C175D1800A87E2C /* ProfileViewController.swift in Sources */,
				BFD5E4082C150D9A00FCE8B0 /* AppDelegate.swift in Sources */,
				BF96CA5C2C1A3A10003D4BB3 /* PasswordChangeViewController.swift in Sources */,
				BF96CA5A2C1A31CD003D4BB3 /* PersonalInfoViewController.swift in Sources */,
				BFD5E40A2C150D9A00FCE8B0 /* SceneDelegate.swift in Sources */,
			);
			runOnlyForDeploymentPostprocessing = 0;
		};
/* End PBXSourcesBuildPhase section */

/* Begin PBXVariantGroup section */
		BF6CE4932C175E6100E70177 /* Localizable.strings */ = {
			isa = PBXVariantGroup;
			children = (
				BF6CE4942C175E6100E70177 /* en */,
				BF6CE4962C175E7900E70177 /* ru */,
				BF6CE4972C175E9E00E70177 /* kk */,
			);
			name = Localizable.strings;
			sourceTree = "<group>";
		};
		BFD5E40D2C150D9A00FCE8B0 /* Main.storyboard */ = {
			isa = PBXVariantGroup;
			children = (
				BFD5E40E2C150D9A00FCE8B0 /* Base */,
			);
			name = Main.storyboard;
			sourceTree = "<group>";
		};
		BFD5E4122C150D9D00FCE8B0 /* LaunchScreen.storyboard */ = {
			isa = PBXVariantGroup;
			children = (
				BFD5E4132C150D9D00FCE8B0 /* Base */,
			);
			name = LaunchScreen.storyboard;
			sourceTree = "<group>";
		};
/* End PBXVariantGroup section */

/* Begin XCBuildConfiguration section */
		BFD5E4162C150D9D00FCE8B0 /* Debug */ = {
			isa = XCBuildConfiguration;
			buildSettings = {
				ALWAYS_SEARCH_USER_PATHS = NO;
				ASSETCATALOG_COMPILER_GENERATE_SWIFT_ASSET_SYMBOL_EXTENSIONS = YES;
				CLANG_ANALYZER_LOCALIZABILITY_NONLOCALIZED = YES;
				CLANG_ANALYZER_NONNULL = YES;
				CLANG_ANALYZER_NUMBER_OBJECT_CONVERSION = YES_AGGRESSIVE;
				CLANG_CXX_LANGUAGE_STANDARD = "gnu++20";
				CLANG_ENABLE_MODULES = YES;
				CLANG_ENABLE_OBJC_ARC = YES;
				CLANG_ENABLE_OBJC_WEAK = YES;
				CLANG_WARN_BLOCK_CAPTURE_AUTORELEASING = YES;
				CLANG_WARN_BOOL_CONVERSION = YES;
				CLANG_WARN_COMMA = YES;
				CLANG_WARN_CONSTANT_CONVERSION = YES;
				CLANG_WARN_DEPRECATED_OBJC_IMPLEMENTATIONS = YES;
				CLANG_WARN_DIRECT_OBJC_ISA_USAGE = YES_ERROR;
				CLANG_WARN_DOCUMENTATION_COMMENTS = YES;
				CLANG_WARN_EMPTY_BODY = YES;
				CLANG_WARN_ENUM_CONVERSION = YES;
				CLANG_WARN_INFINITE_RECURSION = YES;
				CLANG_WARN_INT_CONVERSION = YES;
				CLANG_WARN_NON_LITERAL_NULL_CONVERSION = YES;
				CLANG_WARN_OBJC_IMPLICIT_RETAIN_SELF = YES;
				CLANG_WARN_OBJC_LITERAL_CONVERSION = YES;
				CLANG_WARN_OBJC_ROOT_CLASS = YES_ERROR;
				CLANG_WARN_QUOTED_INCLUDE_IN_FRAMEWORK_HEADER = YES;
				CLANG_WARN_RANGE_LOOP_ANALYSIS = YES;
				CLANG_WARN_STRICT_PROTOTYPES = YES;
				CLANG_WARN_SUSPICIOUS_MOVE = YES;
				CLANG_WARN_UNGUARDED_AVAILABILITY = YES_AGGRESSIVE;
				CLANG_WARN_UNREACHABLE_CODE = YES;
				CLANG_WARN__DUPLICATE_METHOD_MATCH = YES;
				COPY_PHASE_STRIP = NO;
				DEBUG_INFORMATION_FORMAT = dwarf;
				ENABLE_STRICT_OBJC_MSGSEND = YES;
				ENABLE_TESTABILITY = YES;
				ENABLE_USER_SCRIPT_SANDBOXING = YES;
				GCC_C_LANGUAGE_STANDARD = gnu17;
				GCC_DYNAMIC_NO_PIC = NO;
				GCC_NO_COMMON_BLOCKS = YES;
				GCC_OPTIMIZATION_LEVEL = 0;
				GCC_PREPROCESSOR_DEFINITIONS = (
					"DEBUG=1",
					"$(inherited)",
				);
				GCC_WARN_64_TO_32_BIT_CONVERSION = YES;
				GCC_WARN_ABOUT_RETURN_TYPE = YES_ERROR;
				GCC_WARN_UNDECLARED_SELECTOR = YES;
				GCC_WARN_UNINITIALIZED_AUTOS = YES_AGGRESSIVE;
				GCC_WARN_UNUSED_FUNCTION = YES;
				GCC_WARN_UNUSED_VARIABLE = YES;
				IPHONEOS_DEPLOYMENT_TARGET = 17.5;
				LOCALIZATION_PREFERS_STRING_CATALOGS = YES;
				MTL_ENABLE_DEBUG_INFO = INCLUDE_SOURCE;
				MTL_FAST_MATH = YES;
				ONLY_ACTIVE_ARCH = YES;
				SDKROOT = iphoneos;
				SWIFT_ACTIVE_COMPILATION_CONDITIONS = "DEBUG $(inherited)";
				SWIFT_OPTIMIZATION_LEVEL = "-Onone";
			};
			name = Debug;
		};
		BFD5E4172C150D9D00FCE8B0 /* Release */ = {
			isa = XCBuildConfiguration;
			buildSettings = {
				ALWAYS_SEARCH_USER_PATHS = NO;
				ASSETCATALOG_COMPILER_GENERATE_SWIFT_ASSET_SYMBOL_EXTENSIONS = YES;
				CLANG_ANALYZER_LOCALIZABILITY_NONLOCALIZED = YES;
				CLANG_ANALYZER_NONNULL = YES;
				CLANG_ANALYZER_NUMBER_OBJECT_CONVERSION = YES_AGGRESSIVE;
				CLANG_CXX_LANGUAGE_STANDARD = "gnu++20";
				CLANG_ENABLE_MODULES = YES;
				CLANG_ENABLE_OBJC_ARC = YES;
				CLANG_ENABLE_OBJC_WEAK = YES;
				CLANG_WARN_BLOCK_CAPTURE_AUTORELEASING = YES;
				CLANG_WARN_BOOL_CONVERSION = YES;
				CLANG_WARN_COMMA = YES;
				CLANG_WARN_CONSTANT_CONVERSION = YES;
				CLANG_WARN_DEPRECATED_OBJC_IMPLEMENTATIONS = YES;
				CLANG_WARN_DIRECT_OBJC_ISA_USAGE = YES_ERROR;
				CLANG_WARN_DOCUMENTATION_COMMENTS = YES;
				CLANG_WARN_EMPTY_BODY = YES;
				CLANG_WARN_ENUM_CONVERSION = YES;
				CLANG_WARN_INFINITE_RECURSION = YES;
				CLANG_WARN_INT_CONVERSION = YES;
				CLANG_WARN_NON_LITERAL_NULL_CONVERSION = YES;
				CLANG_WARN_OBJC_IMPLICIT_RETAIN_SELF = YES;
				CLANG_WARN_OBJC_LITERAL_CONVERSION = YES;
				CLANG_WARN_OBJC_ROOT_CLASS = YES_ERROR;
				CLANG_WARN_QUOTED_INCLUDE_IN_FRAMEWORK_HEADER = YES;
				CLANG_WARN_RANGE_LOOP_ANALYSIS = YES;
				CLANG_WARN_STRICT_PROTOTYPES = YES;
				CLANG_WARN_SUSPICIOUS_MOVE = YES;
				CLANG_WARN_UNGUARDED_AVAILABILITY = YES_AGGRESSIVE;
				CLANG_WARN_UNREACHABLE_CODE = YES;
				CLANG_WARN__DUPLICATE_METHOD_MATCH = YES;
				COPY_PHASE_STRIP = NO;
				DEBUG_INFORMATION_FORMAT = "dwarf-with-dsym";
				ENABLE_NS_ASSERTIONS = NO;
				ENABLE_STRICT_OBJC_MSGSEND = YES;
				ENABLE_USER_SCRIPT_SANDBOXING = YES;
				GCC_C_LANGUAGE_STANDARD = gnu17;
				GCC_NO_COMMON_BLOCKS = YES;
				GCC_WARN_64_TO_32_BIT_CONVERSION = YES;
				GCC_WARN_ABOUT_RETURN_TYPE = YES_ERROR;
				GCC_WARN_UNDECLARED_SELECTOR = YES;
				GCC_WARN_UNINITIALIZED_AUTOS = YES_AGGRESSIVE;
				GCC_WARN_UNUSED_FUNCTION = YES;
				GCC_WARN_UNUSED_VARIABLE = YES;
				IPHONEOS_DEPLOYMENT_TARGET = 17.5;
				LOCALIZATION_PREFERS_STRING_CATALOGS = YES;
				MTL_ENABLE_DEBUG_INFO = NO;
				MTL_FAST_MATH = YES;
				SDKROOT = iphoneos;
				SWIFT_COMPILATION_MODE = wholemodule;
				VALIDATE_PRODUCT = YES;
			};
			name = Release;
		};
		BFD5E4192C150D9D00FCE8B0 /* Debug */ = {
			isa = XCBuildConfiguration;
			buildSettings = {
				ASSETCATALOG_COMPILER_APPICON_NAME = AppIcon;
				ASSETCATALOG_COMPILER_GLOBAL_ACCENT_COLOR_NAME = AccentColor;
				CODE_SIGN_STYLE = Automatic;
				CURRENT_PROJECT_VERSION = 1;
				GENERATE_INFOPLIST_FILE = YES;
				INFOPLIST_FILE = Ozinshe/Info.plist;
				INFOPLIST_KEY_UIApplicationSupportsIndirectInputEvents = YES;
				INFOPLIST_KEY_UILaunchStoryboardName = LaunchScreen;
				INFOPLIST_KEY_UIMainStoryboardFile = Main;
				INFOPLIST_KEY_UISupportedInterfaceOrientations_iPad = "UIInterfaceOrientationPortrait UIInterfaceOrientationPortraitUpsideDown UIInterfaceOrientationLandscapeLeft UIInterfaceOrientationLandscapeRight";
				INFOPLIST_KEY_UISupportedInterfaceOrientations_iPhone = "UIInterfaceOrientationPortrait UIInterfaceOrientationLandscapeLeft UIInterfaceOrientationLandscapeRight";
				LD_RUNPATH_SEARCH_PATHS = (
					"$(inherited)",
					"@executable_path/Frameworks",
				);
				MARKETING_VERSION = 1.0;
				PRODUCT_BUNDLE_IDENTIFIER = com.rakhymzhan.Ozinshe;
				PRODUCT_NAME = "$(TARGET_NAME)";
				SWIFT_EMIT_LOC_STRINGS = YES;
				SWIFT_VERSION = 5.0;
				TARGETED_DEVICE_FAMILY = "1,2";
			};
			name = Debug;
		};
		BFD5E41A2C150D9D00FCE8B0 /* Release */ = {
			isa = XCBuildConfiguration;
			buildSettings = {
				ASSETCATALOG_COMPILER_APPICON_NAME = AppIcon;
				ASSETCATALOG_COMPILER_GLOBAL_ACCENT_COLOR_NAME = AccentColor;
				CODE_SIGN_STYLE = Automatic;
				CURRENT_PROJECT_VERSION = 1;
				GENERATE_INFOPLIST_FILE = YES;
				INFOPLIST_FILE = Ozinshe/Info.plist;
				INFOPLIST_KEY_UIApplicationSupportsIndirectInputEvents = YES;
				INFOPLIST_KEY_UILaunchStoryboardName = LaunchScreen;
				INFOPLIST_KEY_UIMainStoryboardFile = Main;
				INFOPLIST_KEY_UISupportedInterfaceOrientations_iPad = "UIInterfaceOrientationPortrait UIInterfaceOrientationPortraitUpsideDown UIInterfaceOrientationLandscapeLeft UIInterfaceOrientationLandscapeRight";
				INFOPLIST_KEY_UISupportedInterfaceOrientations_iPhone = "UIInterfaceOrientationPortrait UIInterfaceOrientationLandscapeLeft UIInterfaceOrientationLandscapeRight";
				LD_RUNPATH_SEARCH_PATHS = (
					"$(inherited)",
					"@executable_path/Frameworks",
				);
				MARKETING_VERSION = 1.0;
				PRODUCT_BUNDLE_IDENTIFIER = com.rakhymzhan.Ozinshe;
				PRODUCT_NAME = "$(TARGET_NAME)";
				SWIFT_EMIT_LOC_STRINGS = YES;
				SWIFT_VERSION = 5.0;
				TARGETED_DEVICE_FAMILY = "1,2";
			};
			name = Release;
		};
/* End XCBuildConfiguration section */

/* Begin XCConfigurationList section */
		BFD5E3FF2C150D9A00FCE8B0 /* Build configuration list for PBXProject "Ozinshe" */ = {
			isa = XCConfigurationList;
			buildConfigurations = (
				BFD5E4162C150D9D00FCE8B0 /* Debug */,
				BFD5E4172C150D9D00FCE8B0 /* Release */,
			);
			defaultConfigurationIsVisible = 0;
			defaultConfigurationName = Release;
		};
		BFD5E4182C150D9D00FCE8B0 /* Build configuration list for PBXNativeTarget "Ozinshe" */ = {
			isa = XCConfigurationList;
			buildConfigurations = (
				BFD5E4192C150D9D00FCE8B0 /* Debug */,
				BFD5E41A2C150D9D00FCE8B0 /* Release */,
			);
			defaultConfigurationIsVisible = 0;
			defaultConfigurationName = Release;
		};
/* End XCConfigurationList section */

/* Begin XCRemoteSwiftPackageReference section */
		BFD5E41B2C151C5D00FCE8B0 /* XCRemoteSwiftPackageReference "Localize-Swift" */ = {
			isa = XCRemoteSwiftPackageReference;
			repositoryURL = "https://github.com/marmelroy/Localize-Swift";
			requirement = {
				kind = upToNextMajorVersion;
				minimumVersion = 3.2.0;
			};
		};
/* End XCRemoteSwiftPackageReference section */

/* Begin XCSwiftPackageProductDependency section */
		BFD5E41C2C151C5D00FCE8B0 /* Localize_Swift */ = {
			isa = XCSwiftPackageProductDependency;
			package = BFD5E41B2C151C5D00FCE8B0 /* XCRemoteSwiftPackageReference "Localize-Swift" */;
			productName = Localize_Swift;
		};
/* End XCSwiftPackageProductDependency section */
	};
	rootObject = BFD5E3FC2C150D9A00FCE8B0 /* Project object */;
}
